{
    "_readme": [
        "This file locks the dependencies of your project to a known state",
        "Read more about it at https://getcomposer.org/doc/01-basic-usage.md#installing-dependencies",
        "This file is @generated automatically"
    ],
    "content-hash": "d532313b8731d6997d8d3affd5a843ff",
    "packages": [
        {
            "name": "lachlanarthur/psr16-wordpress-transients",
            "version": "1.1",
            "source": {
                "type": "git",
                "url": "https://github.com/LachlanArthur/Psr16WordPressTransients.git",
                "reference": "b166f7bce7a3b1e4ad32e33d78d9b80a5d793da6"
            },
            "dist": {
                "type": "zip",
                "url": "https://api.github.com/repos/LachlanArthur/Psr16WordPressTransients/zipball/b166f7bce7a3b1e4ad32e33d78d9b80a5d793da6",
                "reference": "b166f7bce7a3b1e4ad32e33d78d9b80a5d793da6",
                "shasum": ""
            },
            "require": {
                "psr/simple-cache": "^1.0"
            },
            "type": "library",
            "autoload": {
                "psr-4": {
                    "LachlanArthur\\Psr16WordPressTransients\\": "src"
                }
            },
            "notification-url": "https://packagist.org/downloads/",
            "license": [
                "MIT"
            ],
            "authors": [
                {
                    "name": "Lachlan Arthur",
                    "email": "lachlanarthur@gmail.com"
                }
            ],
            "description": "Use WordPress transients as a PSR-16 cache.",
            "time": "2020-03-08T05:45:35+00:00"
        },
        {
            "name": "lachlanarthur/social-dev-feed",
            "version": "0.2.3",
            "source": {
                "type": "git",
                "url": "https://github.com/LachlanArthur/SocialDevFeed.git",
                "reference": "0dcf567c6590a0c84570bc948a44b22fca9833b0"
            },
            "dist": {
                "type": "zip",
                "url": "https://api.github.com/repos/LachlanArthur/SocialDevFeed/zipball/0dcf567c6590a0c84570bc948a44b22fca9833b0",
                "reference": "0dcf567c6590a0c84570bc948a44b22fca9833b0",
                "shasum": ""
            },
            "require": {
                "php": ">=7.1",
                "psr/simple-cache": "^1.0"
            },
            "type": "library",
            "autoload": {
                "psr-4": {
                    "LachlanArthur\\SocialDevFeed\\": "src"
                }
            },
            "notification-url": "https://packagist.org/downloads/",
            "license": [
                "MIT"
            ],
            "authors": [
                {
                    "name": "Lachlan Arthur",
                    "email": "lachlanarthur@gmail.com"
                }
            ],
            "description": "Pulls social media feeds and gives you the raw data.",
            "time": "2020-03-08T06:35:04+00:00"
        },
        {
            "name": "psr/simple-cache",
            "version": "1.0.1",
            "source": {
                "type": "git",
                "url": "https://github.com/php-fig/simple-cache.git",
                "reference": "408d5eafb83c57f6365a3ca330ff23aa4a5fa39b"
            },
            "dist": {
                "type": "zip",
                "url": "https://api.github.com/repos/php-fig/simple-cache/zipball/408d5eafb83c57f6365a3ca330ff23aa4a5fa39b",
                "reference": "408d5eafb83c57f6365a3ca330ff23aa4a5fa39b",
                "shasum": ""
            },
            "require": {
                "php": ">=5.3.0"
            },
            "type": "library",
            "extra": {
                "branch-alias": {
                    "dev-master": "1.0.x-dev"
                }
            },
            "autoload": {
                "psr-4": {
                    "Psr\\SimpleCache\\": "src/"
                }
            },
            "notification-url": "https://packagist.org/downloads/",
            "license": [
                "MIT"
            ],
            "authors": [
                {
                    "name": "PHP-FIG",
                    "homepage": "http://www.php-fig.org/"
                }
            ],
            "description": "Common interfaces for simple caching",
            "keywords": [
                "cache",
                "caching",
                "psr",
                "psr-16",
                "simple-cache"
            ],
            "time": "2017-10-23T01:57:42+00:00"
        }
    ],
    "packages-dev": [],
    "aliases": [],
    "minimum-stability": "stable",
    "stability-flags": [],
    "prefer-stable": false,
    "prefer-lowest": false,
    "platform": {
        "php": ">=7.1"
    },
    "platform-dev": []
}
